// !$*UTF8*$!
{archiveVersion = 1; classes = {}; objectVersion = 56; objects = {
1D4D8B8A9B2539F7F8E11F94 = {isa = PBXFileReference; lastKnownFileType = text.xcconfig; path = Config/Signing.xcconfig; sourceTree = SOURCE_ROOT;};
8890EB64EBEA03CEEA2DD204 = {isa = PBXFileReference; lastKnownFileType = sourcecode.swift; path = "Lore/App/AppState.swift"; sourceTree = SOURCE_ROOT;};
568CBEC43320E510B14485EC = {isa = PBXBuildFile; fileRef = 8890EB64EBEA03CEEA2DD204;};
7B8FF93A02AD222B7B2C77B1 = {isa = PBXFileReference; lastKnownFileType = sourcecode.swift; path = "Lore/App/ContentView.swift"; sourceTree = SOURCE_ROOT;};
4061DBE631372A89C4173642 = {isa = PBXBuildFile; fileRef = 7B8FF93A02AD222B7B2C77B1;};
2536511917152D28C19333FE = {isa = PBXFileReference; lastKnownFileType = sourcecode.swift; path = "Lore/App/LoreApp.swift"; sourceTree = SOURCE_ROOT;};
2C9424F1E92D6A39A5B925C4 = {isa = PBXBuildFile; fileRef = 2536511917152D28C19333FE;};
A20FAF3EB16A00ED94AD9C7B = {isa = PBXFileReference; lastKnownFileType = sourcecode.swift; path = "Lore/App/LoreMenuView.swift"; sourceTree = SOURCE_ROOT;};
6524BFFD1E4214BC58708994 = {isa = PBXBuildFile; fileRef = A20FAF3EB16A00ED94AD9C7B;};
031CC2CA159ECA3FAB8E5A90 = {isa = PBXFileReference; lastKnownFileType = sourcecode.swift; path = "Lore/Core/Access/RepositoryAccessPolicy.swift"; sourceTree = SOURCE_ROOT;};
435C21B6F9B39E76DDC91FD4 = {isa = PBXBuildFile; fileRef = 031CC2CA159ECA3FAB8E5A90;};
1FEA9554D567CEED5B7A42B0 = {isa = PBXFileReference; lastKnownFileType = sourcecode.swift; path = "Lore/Core/Collectors/AIProviderIntegration.swift"; sourceTree = SOURCE_ROOT;};
D1936C467EBB032E0849645A = {isa = PBXBuildFile; fileRef = 1FEA9554D567CEED5B7A42B0;};
C3C35DD7903AD6D04FA6901B = {isa = PBXFileReference; lastKnownFileType = sourcecode.swift; path = "Lore/Core/Collectors/LocalSessionDiscovery.swift"; sourceTree = SOURCE_ROOT;};
E402BE7E9DABECCE096F85D2 = {isa = PBXBuildFile; fileRef = C3C35DD7903AD6D04FA6901B;};
172DC829A1A621403F913A5E = {isa = PBXFileReference; lastKnownFileType = sourcecode.swift; path = "Lore/Core/Database/LoreDatabase.swift"; sourceTree = SOURCE_ROOT;};
0B3C6ED21584EA83718DA407 = {isa = PBXBuildFile; fileRef = 172DC829A1A621403F913A5E;};
43D4EED3159E96024E76B3AA = {isa = PBXFileReference; lastKnownFileType = sourcecode.swift; path = "Lore/Core/LiveActivity/IncrementalLogReader.swift"; sourceTree = SOURCE_ROOT;};
CC3E769846B140494A45F6F0 = {isa = PBXBuildFile; fileRef = 43D4EED3159E96024E76B3AA;};
0A2CE69C3CAE37F0953C4D60 = {isa = PBXFileReference; lastKnownFileType = sourcecode.swift; path = "Lore/Core/LiveActivity/LiveActivityMonitor.swift"; sourceTree = SOURCE_ROOT;};
7C75DB844681BAA89D8024F1 = {isa = PBXBuildFile; fileRef = 0A2CE69C3CAE37F0953C4D60;};
483786D2A248F4102C82F3E8 = {isa = PBXFileReference; lastKnownFileType = sourcecode.swift; path = "Lore/Core/LiveActivity/LiveActivitySummary.swift"; sourceTree = SOURCE_ROOT;};
11D7D575D2652E2054981AEA = {isa = PBXBuildFile; fileRef = 483786D2A248F4102C82F3E8;};
1315A5C3E46C723BBE3BFE55 = {isa = PBXFileReference; lastKnownFileType = sourcecode.swift; path = "Lore/Core/LiveActivity/LiveEventParser.swift"; sourceTree = SOURCE_ROOT;};
CDA73298A5CFED1D4993D2C9 = {isa = PBXBuildFile; fileRef = 1315A5C3E46C723BBE3BFE55;};
9C8445679FDB2A82ECFF8FC1 = {isa = PBXFileReference; lastKnownFileType = sourcecode.swift; path = "Lore/Core/LiveActivity/LiveProviderGroup.swift"; sourceTree = SOURCE_ROOT;};
08154AA9FCE6253FE062A8E4 = {isa = PBXBuildFile; fileRef = 9C8445679FDB2A82ECFF8FC1;};
29DE189BFA7E00DA1DE7F69B = {isa = PBXFileReference; lastKnownFileType = sourcecode.swift; path = "Lore/Core/LiveActivity/LiveSession.swift"; sourceTree = SOURCE_ROOT;};
9F38666BD47037C3343BBD17 = {isa = PBXBuildFile; fileRef = 29DE189BFA7E00DA1DE7F69B;};
5332EDCEC7E4E3172CA89F10 = {isa = PBXFileReference; lastKnownFileType = sourcecode.swift; path = "Lore/Core/LiveActivity/NotchExperience.swift"; sourceTree = SOURCE_ROOT;};
BEF1F960E01795D1964D7A6E = {isa = PBXBuildFile; fileRef = 5332EDCEC7E4E3172CA89F10;};
E58AA34912BF29B3AB1D54A5 = {isa = PBXFileReference; lastKnownFileType = sourcecode.swift; path = "Lore/Core/LiveActivity/NotchGeometry.swift"; sourceTree = SOURCE_ROOT;};
9E82A209A5E6FA9DB8A00C04 = {isa = PBXBuildFile; fileRef = E58AA34912BF29B3AB1D54A5;};
625CB170C41749EA8DDD0A56 = {isa = PBXFileReference; lastKnownFileType = sourcecode.swift; path = "Lore/Core/Models/AISession.swift"; sourceTree = SOURCE_ROOT;};
414EF5F24142064EA7B7A646 = {isa = PBXBuildFile; fileRef = 625CB170C41749EA8DDD0A56;};
68CFBCD4FDC70E3DB0BF5FD1 = {isa = PBXFileReference; lastKnownFileType = sourcecode.swift; path = "Lore/Core/Models/ActivityBlock.swift"; sourceTree = SOURCE_ROOT;};
57ADD8FD070C973F7BC2B6CE = {isa = PBXBuildFile; fileRef = 68CFBCD4FDC70E3DB0BF5FD1;};
B98C77D42D29B8DEDD46AFEB = {isa = PBXFileReference; lastKnownFileType = sourcecode.swift; path = "Lore/Core/Models/GitCommit.swift"; sourceTree = SOURCE_ROOT;};
02538A235744C57F86B39AFE = {isa = PBXBuildFile; fileRef = B98C77D42D29B8DEDD46AFEB;};
FA55809F70A54DC3BE6BFBA2 = {isa = PBXFileReference; lastKnownFileType = sourcecode.swift; path = "Lore/Core/Models/Metadata.swift"; sourceTree = SOURCE_ROOT;};
02C827E3D49CA31EC6E94794 = {isa = PBXBuildFile; fileRef = FA55809F70A54DC3BE6BFBA2;};
A0C0BFC533FAD54A3450FA9B = {isa = PBXFileReference; lastKnownFileType = sourcecode.swift; path = "Lore/Core/Models/Project.swift"; sourceTree = SOURCE_ROOT;};
7CCBDB6823A368B38EF989C8 = {isa = PBXBuildFile; fileRef = A0C0BFC533FAD54A3450FA9B;};
20883AFD599EB671D71BD6EB = {isa = PBXFileReference; lastKnownFileType = sourcecode.swift; path = "Lore/Core/Parsers/JSONLReader.swift"; sourceTree = SOURCE_ROOT;};
072586516DEAF42C83024C56 = {isa = PBXBuildFile; fileRef = 20883AFD599EB671D71BD6EB;};
D32C521B9823952113AC286B = {isa = PBXFileReference; lastKnownFileType = sourcecode.swift; path = "Lore/Core/Parsers/SessionMetadataSupport.swift"; sourceTree = SOURCE_ROOT;};
94CCB65F28A1CCB88230F1EF = {isa = PBXBuildFile; fileRef = D32C521B9823952113AC286B;};
56F0C835C3AB1DED0F11BCF5 = {isa = PBXFileReference; lastKnownFileType = sourcecode.swift; path = "Lore/Core/Power/ClosedLidEnvironment.swift"; sourceTree = SOURCE_ROOT;};
E66DDDBADD496570EFCE198A = {isa = PBXBuildFile; fileRef = 56F0C835C3AB1DED0F11BCF5;};
92C3F61F31416A2F2083EA36 = {isa = PBXFileReference; lastKnownFileType = sourcecode.swift; path = "Lore/Core/Power/ClosedLidLeaseEngine.swift"; sourceTree = SOURCE_ROOT;};
EE9B8424A1B5F0A915417129 = {isa = PBXBuildFile; fileRef = 92C3F61F31416A2F2083EA36;};
89AC141284DBF785449E5DC1 = {isa = PBXFileReference; lastKnownFileType = sourcecode.swift; path = "Lore/Core/Power/KeepAwakePolicy.swift"; sourceTree = SOURCE_ROOT;};
EDCA4E4DBC9B166E6F7C5DE1 = {isa = PBXBuildFile; fileRef = 89AC141284DBF785449E5DC1;};
14F3EEFC92FCCB4069E1B748 = {isa = PBXFileReference; lastKnownFileType = sourcecode.swift; path = "Lore/Core/Power/LidObservation.swift"; sourceTree = SOURCE_ROOT;};
24ABE1C9AC079575B472BB26 = {isa = PBXBuildFile; fileRef = 14F3EEFC92FCCB4069E1B748;};
2AC671CC75AC7FFF200F38BF = {isa = PBXFileReference; lastKnownFileType = sourcecode.swift; path = "Lore/Core/Power/PowerHelperProtocol.swift"; sourceTree = SOURCE_ROOT;};
BCBC5FD71C18DF0F9FDC983F = {isa = PBXBuildFile; fileRef = 2AC671CC75AC7FFF200F38BF;};
C271D10799D9289B474E9104 = {isa = PBXFileReference; lastKnownFileType = sourcecode.swift; path = "Lore/Core/Power/PowerReplyGate.swift"; sourceTree = SOURCE_ROOT;};
1F30FE56718C1FA3D867BA27 = {isa = PBXBuildFile; fileRef = C271D10799D9289B474E9104;};
533637F80C37032C4DEEF8AA = {isa = PBXFileReference; lastKnownFileType = sourcecode.swift; path = "Lore/Core/Power/SignedIdentity.swift"; sourceTree = SOURCE_ROOT;};
57EB1EF8BA8FCC4D364DFB2A = {isa = PBXBuildFile; fileRef = 533637F80C37032C4DEEF8AA;};
1679BFC7DB6D3D571DD0E219 = {isa = PBXFileReference; lastKnownFileType = sourcecode.swift; path = "Lore/Core/Services/ActivityGroupingService.swift"; sourceTree = SOURCE_ROOT;};
8127EDE004D275CFD7D17600 = {isa = PBXBuildFile; fileRef = 1679BFC7DB6D3D571DD0E219;};
70CDA815980C292B3A10F0E5 = {isa = PBXFileReference; lastKnownFileType = sourcecode.swift; path = "Lore/Core/Services/AppUpdateController.swift"; sourceTree = SOURCE_ROOT;};
78CF970693E718BF37D4C2C5 = {isa = PBXBuildFile; fileRef = 70CDA815980C292B3A10F0E5;};
D130E9DC02516B864E9AD550 = {isa = PBXFileReference; lastKnownFileType = sourcecode.swift; path = "Lore/Core/Services/IndexingWorker.swift"; sourceTree = SOURCE_ROOT;};
8023E4C7E36962236DE8F6A3 = {isa = PBXBuildFile; fileRef = D130E9DC02516B864E9AD550;};
9A8887A449E9809E9413C5DB = {isa = PBXFileReference; lastKnownFileType = sourcecode.swift; path = "Lore/Core/Services/ObservedActivity.swift"; sourceTree = SOURCE_ROOT;};
0EC011228AE0989E46DE626F = {isa = PBXBuildFile; fileRef = 9A8887A449E9809E9413C5DB;};
9859193C167FC8166B4FBE45 = {isa = PBXFileReference; lastKnownFileType = sourcecode.swift; path = "Lore/Core/Services/SessionIndexCache.swift"; sourceTree = SOURCE_ROOT;};
79F30B199D151DD84C425C39 = {isa = PBXBuildFile; fileRef = 9859193C167FC8166B4FBE45;};
1992185C43083DEDE6C4CAEC = {isa = PBXFileReference; lastKnownFileType = sourcecode.swift; path = "Lore/Core/Services/SessionNavigation.swift"; sourceTree = SOURCE_ROOT;};
0B6A667A545DC5622AF241F3 = {isa = PBXBuildFile; fileRef = 1992185C43083DEDE6C4CAEC;};
A31E4E2C9E97FD96E7118FC4 = {isa = PBXFileReference; lastKnownFileType = sourcecode.swift; path = "Lore/Core/Services/UsageSummary.swift"; sourceTree = SOURCE_ROOT;};
DD17B63912905EA25AF145CD = {isa = PBXBuildFile; fileRef = A31E4E2C9E97FD96E7118FC4;};
213436FB8FAB7DCDF1C42EBB = {isa = PBXFileReference; lastKnownFileType = sourcecode.swift; path = "Lore/DesignSystem/ActivityPresentation.swift"; sourceTree = SOURCE_ROOT;};
BCE573B17E9D8533FFE2C51D = {isa = PBXBuildFile; fileRef = 213436FB8FAB7DCDF1C42EBB;};
9D741A9E01C5624A0D5294CF = {isa = PBXFileReference; lastKnownFileType = sourcecode.swift; path = "Lore/DesignSystem/LoreGlyph.swift"; sourceTree = SOURCE_ROOT;};
F76045820D6FFB3E63E3AC4B = {isa = PBXBuildFile; fileRef = 9D741A9E01C5624A0D5294CF;};
4A5663F1A416E1A760B2E321 = {isa = PBXFileReference; lastKnownFileType = sourcecode.swift; path = "Lore/DesignSystem/LoreMark.swift"; sourceTree = SOURCE_ROOT;};
41E7CA8C8BBC0ACB82C218FD = {isa = PBXBuildFile; fileRef = 4A5663F1A416E1A760B2E321;};
CFA255DEC54422A65FCAD66F = {isa = PBXFileReference; lastKnownFileType = sourcecode.swift; path = "Lore/DesignSystem/LorePreferences.swift"; sourceTree = SOURCE_ROOT;};
955E0E1C4F42F9EA8340879F = {isa = PBXBuildFile; fileRef = CFA255DEC54422A65FCAD66F;};
7D06CD33EFCFD4770054814F = {isa = PBXFileReference; lastKnownFileType = sourcecode.swift; path = "Lore/DesignSystem/PageScaffold.swift"; sourceTree = SOURCE_ROOT;};
1DFFD8B8D8DF450B5BA6388E = {isa = PBXBuildFile; fileRef = 7D06CD33EFCFD4770054814F;};
EFA8AC44E99209A3017C5317 = {isa = PBXFileReference; lastKnownFileType = sourcecode.swift; path = "Lore/Features/Notch/AIStarIndicator.swift"; sourceTree = SOURCE_ROOT;};
F760302A2BC0A56615AA44F8 = {isa = PBXBuildFile; fileRef = EFA8AC44E99209A3017C5317;};
A9F4146E2419F7BBA9BA9CE0 = {isa = PBXFileReference; lastKnownFileType = sourcecode.swift; path = "Lore/Features/Notch/AgentBadgeView.swift"; sourceTree = SOURCE_ROOT;};
158ADDB617AC0AD82EA8ECF1 = {isa = PBXBuildFile; fileRef = A9F4146E2419F7BBA9BA9CE0;};
C382634394AEBAEAFA9A4399 = {isa = PBXFileReference; lastKnownFileType = sourcecode.swift; path = "Lore/Features/Notch/GroupedNotchViews.swift"; sourceTree = SOURCE_ROOT;};
BFC741442AC84EEFF12C94E6 = {isa = PBXBuildFile; fileRef = C382634394AEBAEAFA9A4399;};
27C22D2C018187E881CDF3C8 = {isa = PBXFileReference; lastKnownFileType = sourcecode.swift; path = "Lore/Features/Notch/NotchController.swift"; sourceTree = SOURCE_ROOT;};
AF8DA953FC18FF79BD4EA6A7 = {isa = PBXBuildFile; fileRef = 27C22D2C018187E881CDF3C8;};
8C1037F28501C86EF8B7CB8F = {isa = PBXFileReference; lastKnownFileType = sourcecode.swift; path = "Lore/Features/Notch/NotchHostingView.swift"; sourceTree = SOURCE_ROOT;};
400EE75E897726B41BB4D522 = {isa = PBXBuildFile; fileRef = 8C1037F28501C86EF8B7CB8F;};
F3642304145D1D7344EA78E1 = {isa = PBXFileReference; lastKnownFileType = sourcecode.swift; path = "Lore/Features/Notch/NotchSurface.swift"; sourceTree = SOURCE_ROOT;};
CE98DCCFAD61F2825F07E5F2 = {isa = PBXBuildFile; fileRef = F3642304145D1D7344EA78E1;};
6211F7B0AB7C6A4776B9BD65 = {isa = PBXFileReference; lastKnownFileType = sourcecode.swift; path = "Lore/Features/Notch/PulseIndicator.swift"; sourceTree = SOURCE_ROOT;};
861CAC8141D9EF3CFFA8A5A4 = {isa = PBXBuildFile; fileRef = 6211F7B0AB7C6A4776B9BD65;};
EE7C2FDAA265FB3B4890079F = {isa = PBXFileReference; lastKnownFileType = sourcecode.swift; path = "Lore/Features/Projects/ProjectsView.swift"; sourceTree = SOURCE_ROOT;};
C6F70744F288082CA0BDBCE9 = {isa = PBXBuildFile; fileRef = EE7C2FDAA265FB3B4890079F;};
589E0C605DE18D15889599BD = {isa = PBXFileReference; lastKnownFileType = sourcecode.swift; path = "Lore/Features/Pulse/PulseController.swift"; sourceTree = SOURCE_ROOT;};
F4F74E2A84864474B16006BD = {isa = PBXBuildFile; fileRef = 589E0C605DE18D15889599BD;};
70600E5BF6D92C38CBD417AA = {isa = PBXFileReference; lastKnownFileType = sourcecode.swift; path = "Lore/Features/Pulse/PulseControls.swift"; sourceTree = SOURCE_ROOT;};
58113439D903C55941B8DC8E = {isa = PBXBuildFile; fileRef = 70600E5BF6D92C38CBD417AA;};
6B0050CA4C5D0F304E7EBFFF = {isa = PBXFileReference; lastKnownFileType = sourcecode.swift; path = "Lore/Features/Pulse/PulsePresetsView.swift"; sourceTree = SOURCE_ROOT;};
7E3F54701C0302B3ECBD4EEB = {isa = PBXBuildFile; fileRef = 6B0050CA4C5D0F304E7EBFFF;};
F8610797D9E65CA73A9DB214 = {isa = PBXFileReference; lastKnownFileType = sourcecode.swift; path = "Lore/Features/Pulse/PulseView.swift"; sourceTree = SOURCE_ROOT;};
6DFDA9C0D89364443FEE4AFA = {isa = PBXBuildFile; fileRef = F8610797D9E65CA73A9DB214;};
2D548E626A9111EAF11B1229 = {isa = PBXFileReference; lastKnownFileType = sourcecode.swift; path = "Lore/Features/SessionDetail/SessionDetailView.swift"; sourceTree = SOURCE_ROOT;};
E84B46530F5511BF0712F7F6 = {isa = PBXBuildFile; fileRef = 2D548E626A9111EAF11B1229;};
952943EB52B3744F2EAC6ADE = {isa = PBXFileReference; lastKnownFileType = sourcecode.swift; path = "Lore/Features/Settings/FolderAccessController.swift"; sourceTree = SOURCE_ROOT;};
B5051D90AD2C67C99BAC49BA = {isa = PBXBuildFile; fileRef = 952943EB52B3744F2EAC6ADE;};
EA0975107AAF4B604BAE2F7F = {isa = PBXFileReference; lastKnownFileType = sourcecode.swift; path = "Lore/Features/Settings/SettingsView.swift"; sourceTree = SOURCE_ROOT;};
297938C77A92E4667BFF4177 = {isa = PBXBuildFile; fileRef = EA0975107AAF4B604BAE2F7F;};
24CB09F71E485A39D84E26F0 = {isa = PBXFileReference; lastKnownFileType = sourcecode.swift; path = "Lore/Features/Support/SupportView.swift"; sourceTree = SOURCE_ROOT;};
DA096DE0B20A800E8000D603 = {isa = PBXBuildFile; fileRef = 24CB09F71E485A39D84E26F0;};
F8F1E92C875E6F66EBE345A4 = {isa = PBXFileReference; lastKnownFileType = sourcecode.swift; path = "Lore/Features/Timeline/TimelineView.swift"; sourceTree = SOURCE_ROOT;};
617517456992678DF84EAF5A = {isa = PBXBuildFile; fileRef = F8F1E92C875E6F66EBE345A4;};
BCB8AAC025F24331DBA0F1D4 = {isa = PBXFileReference; lastKnownFileType = sourcecode.swift; path = "Lore/Features/Today/ActivityCalendar.swift"; sourceTree = SOURCE_ROOT;};
0050891EF6F7E9CB37F5C4B4 = {isa = PBXBuildFile; fileRef = BCB8AAC025F24331DBA0F1D4;};
21602FDCE2B0C2439AFF0728 = {isa = PBXFileReference; lastKnownFileType = sourcecode.swift; path = "Lore/Features/Today/TodayView.swift"; sourceTree = SOURCE_ROOT;};
4F20DE5CB4E41BB594B9A07B = {isa = PBXBuildFile; fileRef = 21602FDCE2B0C2439AFF0728;};
B9740F4C43B7167B680D09E5 = {isa = PBXFileReference; lastKnownFileType = sourcecode.swift; path = "Lore/Features/Today/UsageOverview.swift"; sourceTree = SOURCE_ROOT;};
E04AEF2CDBD5E4531BA09C1E = {isa = PBXBuildFile; fileRef = B9740F4C43B7167B680D09E5;};
965DBF264155F92CA1F6716F = {isa = PBXFileReference; lastKnownFileType = sourcecode.swift; path = "Lore/Integrations/ClaudeCode/ClaudeCodeIntegration.swift"; sourceTree = SOURCE_ROOT;};
DC342C9E9DBE2CC2865B7F4E = {isa = PBXBuildFile; fileRef = 965DBF264155F92CA1F6716F;};
E154E6DD126676F832D9218E = {isa = PBXFileReference; lastKnownFileType = sourcecode.swift; path = "Lore/Integrations/ClaudeCode/ClaudeCodeSessionParser.swift"; sourceTree = SOURCE_ROOT;};
4A4C321DEB89FC53A8E48543 = {isa = PBXBuildFile; fileRef = E154E6DD126676F832D9218E;};
62ECF568B553F97688322423 = {isa = PBXFileReference; lastKnownFileType = sourcecode.swift; path = "Lore/Integrations/Codex/CodexIntegration.swift"; sourceTree = SOURCE_ROOT;};
508E1C4064A5070F21CFCA2A = {isa = PBXBuildFile; fileRef = 62ECF568B553F97688322423;};
0C950FF12E6C6B4E7563130A = {isa = PBXFileReference; lastKnownFileType = sourcecode.swift; path = "Lore/Integrations/Codex/CodexSessionParser.swift"; sourceTree = SOURCE_ROOT;};
D88FBD6096C51EEE7A801B3A = {isa = PBXBuildFile; fileRef = 0C950FF12E6C6B4E7563130A;};
1D2FDC009AC721FA689446FD = {isa = PBXFileReference; lastKnownFileType = sourcecode.swift; path = "Lore/Integrations/Gemini/GeminiCLIIntegration.swift"; sourceTree = SOURCE_ROOT;};
54AEC5FCFD27319DDB61FD99 = {isa = PBXBuildFile; fileRef = 1D2FDC009AC721FA689446FD;};
BB826A2A4D700322A74C0294 = {isa = PBXFileReference; lastKnownFileType = sourcecode.swift; path = "Lore/Integrations/Gemini/GeminiSessionParser.swift"; sourceTree = SOURCE_ROOT;};
9B1B6E1A384167C7542D61AA = {isa = PBXBuildFile; fileRef = BB826A2A4D700322A74C0294;};
929CAD69C4B8971D38D205C9 = {isa = PBXFileReference; lastKnownFileType = sourcecode.swift; path = "Lore/Integrations/Git/GitOutputParser.swift"; sourceTree = SOURCE_ROOT;};
E965EEEDC6800E30540F0BBB = {isa = PBXBuildFile; fileRef = 929CAD69C4B8971D38D205C9;};
ACD6E7AFEB6E066A3F2635C2 = {isa = PBXFileReference; lastKnownFileType = sourcecode.swift; path = "Lore/Integrations/Git/GitService.swift"; sourceTree = SOURCE_ROOT;};
79B4BAAC6C17A01C98504686 = {isa = PBXBuildFile; fileRef = ACD6E7AFEB6E066A3F2635C2;};
8962F6B25812EB4CFFA55087 = {isa = PBXFileReference; lastKnownFileType = sourcecode.swift; path = "Lore/Integrations/System/ClosedLidController.swift"; sourceTree = SOURCE_ROOT;};
2B8944C0B0180CA3CF8E0431 = {isa = PBXBuildFile; fileRef = 8962F6B25812EB4CFFA55087;};
90831D0ABBC32FD15B3A8A51 = {isa = PBXFileReference; lastKnownFileType = sourcecode.swift; path = "Lore/Integrations/System/ClosedLidValidation.swift"; sourceTree = SOURCE_ROOT;};
73FC3E3EBA58645DB2FF05FA = {isa = PBXBuildFile; fileRef = 90831D0ABBC32FD15B3A8A51;};
CC6DA824DB5861307FD3BBA0 = {isa = PBXFileReference; lastKnownFileType = sourcecode.swift; path = "Lore/Integrations/System/KeepAwakeController.swift"; sourceTree = SOURCE_ROOT;};
0E47D3BAABF05D981E6F5CDD = {isa = PBXBuildFile; fileRef = CC6DA824DB5861307FD3BBA0;};
74A58783297450376C57BA15 = {isa = PBXFileReference; lastKnownFileType = sourcecode.swift; path = "Lore/Integrations/System/LoginItemController.swift"; sourceTree = SOURCE_ROOT;};
DC4AED2DB0AF4EB55174A3B0 = {isa = PBXBuildFile; fileRef = 74A58783297450376C57BA15;};
D8AFF257B45D0C513672EC45 = {isa = PBXSourcesBuildPhase; buildActionMask = 2147483647; files = (568CBEC43320E510B14485EC, 4061DBE631372A89C4173642, 2C9424F1E92D6A39A5B925C4, 6524BFFD1E4214BC58708994, 435C21B6F9B39E76DDC91FD4, D1936C467EBB032E0849645A, E402BE7E9DABECCE096F85D2, 0B3C6ED21584EA83718DA407, CC3E769846B140494A45F6F0, 7C75DB844681BAA89D8024F1, 11D7D575D2652E2054981AEA, CDA73298A5CFED1D4993D2C9, 08154AA9FCE6253FE062A8E4, 9F38666BD47037C3343BBD17, BEF1F960E01795D1964D7A6E, 9E82A209A5E6FA9DB8A00C04, 414EF5F24142064EA7B7A646, 57ADD8FD070C973F7BC2B6CE, 02538A235744C57F86B39AFE, 02C827E3D49CA31EC6E94794, 7CCBDB6823A368B38EF989C8, 072586516DEAF42C83024C56, 94CCB65F28A1CCB88230F1EF, E66DDDBADD496570EFCE198A, EE9B8424A1B5F0A915417129, EDCA4E4DBC9B166E6F7C5DE1, 24ABE1C9AC079575B472BB26, BCBC5FD71C18DF0F9FDC983F, 1F30FE56718C1FA3D867BA27, 57EB1EF8BA8FCC4D364DFB2A, 8127EDE004D275CFD7D17600, 78CF970693E718BF37D4C2C5, 8023E4C7E36962236DE8F6A3, 0EC011228AE0989E46DE626F, 79F30B199D151DD84C425C39, 0B6A667A545DC5622AF241F3, DD17B63912905EA25AF145CD, BCE573B17E9D8533FFE2C51D, F76045820D6FFB3E63E3AC4B, 41E7CA8C8BBC0ACB82C218FD, 955E0E1C4F42F9EA8340879F, 1DFFD8B8D8DF450B5BA6388E, F760302A2BC0A56615AA44F8, 158ADDB617AC0AD82EA8ECF1, BFC741442AC84EEFF12C94E6, AF8DA953FC18FF79BD4EA6A7, 400EE75E897726B41BB4D522, CE98DCCFAD61F2825F07E5F2, 861CAC8141D9EF3CFFA8A5A4, C6F70744F288082CA0BDBCE9, F4F74E2A84864474B16006BD, 58113439D903C55941B8DC8E, 7E3F54701C0302B3ECBD4EEB, 6DFDA9C0D89364443FEE4AFA, E84B46530F5511BF0712F7F6, B5051D90AD2C67C99BAC49BA, 297938C77A92E4667BFF4177, DA096DE0B20A800E8000D603, 617517456992678DF84EAF5A, 0050891EF6F7E9CB37F5C4B4, 4F20DE5CB4E41BB594B9A07B, E04AEF2CDBD5E4531BA09C1E, DC342C9E9DBE2CC2865B7F4E, 4A4C321DEB89FC53A8E48543, 508E1C4064A5070F21CFCA2A, D88FBD6096C51EEE7A801B3A, 54AEC5FCFD27319DDB61FD99, 9B1B6E1A384167C7542D61AA, E965EEEDC6800E30540F0BBB, 79B4BAAC6C17A01C98504686, 2B8944C0B0180CA3CF8E0431, 73FC3E3EBA58645DB2FF05FA, 0E47D3BAABF05D981E6F5CDD, DC4AED2DB0AF4EB55174A3B0,); runOnlyForDeploymentPostprocessing = 0;};
E6EE9BF261840A005499F180 = {isa = PBXFileReference; lastKnownFileType = sourcecode.swift; path = "LoreTests/AccessAndPowerTests.swift"; sourceTree = SOURCE_ROOT;};
35A5AB712AE90C588E1FBE08 = {isa = PBXBuildFile; fileRef = E6EE9BF261840A005499F180;};
793687ADA829D7530D4A894D = {isa = PBXFileReference; lastKnownFileType = sourcecode.swift; path = "LoreTests/GroupedIslandTests.swift"; sourceTree = SOURCE_ROOT;};
59A9EEABDA2514CF5A9B33EC = {isa = PBXBuildFile; fileRef = 793687ADA829D7530D4A894D;};
0C6DDD5CBAD41851554232C0 = {isa = PBXFileReference; lastKnownFileType = sourcecode.swift; path = "LoreTests/LiveActivityTests.swift"; sourceTree = SOURCE_ROOT;};
A377AB063CBFC07B0220694A = {isa = PBXBuildFile; fileRef = 0C6DDD5CBAD41851554232C0;};
C76C8CC6C5F20AE3F396D555 = {isa = PBXFileReference; lastKnownFileType = sourcecode.swift; path = "LoreTests/LoreTests.swift"; sourceTree = SOURCE_ROOT;};
168BD96952810FF582A536CA = {isa = PBXBuildFile; fileRef = C76C8CC6C5F20AE3F396D555;};
971F129C39900CE6C9235271 = {isa = PBXFileReference; lastKnownFileType = sourcecode.swift; path = "LoreTests/NextMilestoneTests.swift"; sourceTree = SOURCE_ROOT;};
1DE9F277A793025841D9DF5D = {isa = PBXBuildFile; fileRef = 971F129C39900CE6C9235271;};
AE7CA1B5905AD786257E6DFB = {isa = PBXFileReference; lastKnownFileType = sourcecode.swift; path = "LoreTests/NotchExperienceTests.swift"; sourceTree = SOURCE_ROOT;};
202A77C1FF9BB24B6C16F72E = {isa = PBXBuildFile; fileRef = AE7CA1B5905AD786257E6DFB;};
0FD6B33B864638234A5800DB = {isa = PBXFileReference; lastKnownFileType = sourcecode.swift; path = "LoreTests/ProviderTests.swift"; sourceTree = SOURCE_ROOT;};
9B497571C0B425EE0DB879EA = {isa = PBXBuildFile; fileRef = 0FD6B33B864638234A5800DB;};
B2298129A58493C45A5D7D9A = {isa = PBXSourcesBuildPhase; buildActionMask = 2147483647; files = (35A5AB712AE90C588E1FBE08, 59A9EEABDA2514CF5A9B33EC, A377AB063CBFC07B0220694A, 168BD96952810FF582A536CA, 1DE9F277A793025841D9DF5D, 202A77C1FF9BB24B6C16F72E, 9B497571C0B425EE0DB879EA,); runOnlyForDeploymentPostprocessing = 0;};
BC47EC309A249D0CBF792DC4 = {isa = PBXFileReference; lastKnownFileType = sourcecode.swift; path = "Helper/SystemSleepBackend.swift"; sourceTree = SOURCE_ROOT;};
E0AFD75A0E742F46DCBCF88D = {isa = PBXBuildFile; fileRef = BC47EC309A249D0CBF792DC4;};
BC5F1A57AD839BB5D6449F6A = {isa = PBXFileReference; lastKnownFileType = sourcecode.swift; path = "Helper/main.swift"; sourceTree = SOURCE_ROOT;};
4F20E5EADC6E6DEA785DDF43 = {isa = PBXBuildFile; fileRef = BC5F1A57AD839BB5D6449F6A;};
38B05228878CFF9BE22D8B71 = {isa = PBXBuildFile; fileRef = 2AC671CC75AC7FFF200F38BF;};
7F447966B0A6684FD209EF1B = {isa = PBXBuildFile; fileRef = 533637F80C37032C4DEEF8AA;};
209F0AEA679958508E985FCA = {isa = PBXBuildFile; fileRef = 92C3F61F31416A2F2083EA36;};
560D8781AD0D754EA393DB9A = {isa = PBXBuildFile; fileRef = 56F0C835C3AB1DED0F11BCF5;};
FA20226010D1FAE3FD864796 = {isa = PBXSourcesBuildPhase; buildActionMask = 2147483647; files = (E0AFD75A0E742F46DCBCF88D, 4F20E5EADC6E6DEA785DDF43, 38B05228878CFF9BE22D8B71, 7F447966B0A6684FD209EF1B, 209F0AEA679958508E985FCA, 560D8781AD0D754EA393DB9A,); runOnlyForDeploymentPostprocessing = 0;};
8BF729FFE074CAEE622C0292 = {isa = PBXFileReference; lastKnownFileType = folder.assetcatalog; path = Lore/Resources/Assets.xcassets; sourceTree = SOURCE_ROOT;};
1091EC80094F49630E245FC2 = {isa = PBXBuildFile; fileRef = 8BF729FFE074CAEE622C0292;};
DC549ACCB7C726C62ECFD4E2 = {isa = PBXResourcesBuildPhase; buildActionMask = 2147483647; files = (1091EC80094F49630E245FC2,); runOnlyForDeploymentPostprocessing = 0;};
5B4818F81C7256E686BA2E05 = {isa = PBXFileReference; lastKnownFileType = folder; path = LoreTests/Fixtures; sourceTree = SOURCE_ROOT;};
BCF9CC8CA04F44AA6AC7475D = {isa = PBXBuildFile; fileRef = 5B4818F81C7256E686BA2E05;};
3F6BC17F79ADBDD97FB52430 = {isa = PBXResourcesBuildPhase; buildActionMask = 2147483647; files = (BCF9CC8CA04F44AA6AC7475D,); runOnlyForDeploymentPostprocessing = 0;};
763D774377779C412BB71F6F = {isa = PBXFileReference; explicitFileType = wrapper.application; includeInIndex = 0; path = Lore.app; sourceTree = BUILT_PRODUCTS_DIR;};
00444E2C37DD529B70E931A2 = {isa = PBXFileReference; explicitFileType = wrapper.cfbundle; includeInIndex = 0; path = LoreTests.xctest; sourceTree = BUILT_PRODUCTS_DIR;};
2D8747EBB2272AA982742655 = {isa = PBXFileReference; explicitFileType = compiled.mach-o.executable; includeInIndex = 0; path = LorePowerHelper; sourceTree = BUILT_PRODUCTS_DIR;};
79B825BB1E19AD6F861B17A3 = {isa = PBXFileReference; lastKnownFileType = text.plist.xml; path = Helper/app.lore.power-helper.plist; sourceTree = SOURCE_ROOT;};
8603BED3FEC0BB908307556F = {isa = PBXBuildFile; fileRef = 2D8747EBB2272AA982742655; settings = {ATTRIBUTES = (CodeSignOnCopy,);};};
6153F80E0D277E8F687CE8A0 = {isa = PBXBuildFile; fileRef = 79B825BB1E19AD6F861B17A3;};
A110DF655A0F951BA2C4E7D7 = {isa = PBXCopyFilesBuildPhase; buildActionMask = 2147483647; dstPath = Contents/Library/HelperTools; dstSubfolderSpec = 1; files = (8603BED3FEC0BB908307556F,); name = "Embed Power Helper"; runOnlyForDeploymentPostprocessing = 0;};
D63B53D7FBD650A21698C508 = {isa = PBXCopyFilesBuildPhase; buildActionMask = 2147483647; dstPath = Contents/Library/LaunchDaemons; dstSubfolderSpec = 1; files = (6153F80E0D277E8F687CE8A0,); name = "Embed Power Service"; runOnlyForDeploymentPostprocessing = 0;};
0A3E27B8CA818264D75C8D81 = {isa = PBXGroup; children = (763D774377779C412BB71F6F, 00444E2C37DD529B70E931A2, 2D8747EBB2272AA982742655,); name = Products; sourceTree = "<group>";};
0D6E4079E36703EBD37C0072 = {isa = PBXGroup; children = (1D4D8B8A9B2539F7F8E11F94, 8890EB64EBEA03CEEA2DD204, 7B8FF93A02AD222B7B2C77B1, 2536511917152D28C19333FE, A20FAF3EB16A00ED94AD9C7B, 031CC2CA159ECA3FAB8E5A90, 1FEA9554D567CEED5B7A42B0, C3C35DD7903AD6D04FA6901B, 172DC829A1A621403F913A5E, 43D4EED3159E96024E76B3AA, 0A2CE69C3CAE37F0953C4D60, 483786D2A248F4102C82F3E8, 1315A5C3E46C723BBE3BFE55, 9C8445679FDB2A82ECFF8FC1, 29DE189BFA7E00DA1DE7F69B, 5332EDCEC7E4E3172CA89F10, E58AA34912BF29B3AB1D54A5, 625CB170C41749EA8DDD0A56, 68CFBCD4FDC70E3DB0BF5FD1, B98C77D42D29B8DEDD46AFEB, FA55809F70A54DC3BE6BFBA2, A0C0BFC533FAD54A3450FA9B, 20883AFD599EB671D71BD6EB, D32C521B9823952113AC286B, 56F0C835C3AB1DED0F11BCF5, 92C3F61F31416A2F2083EA36, 89AC141284DBF785449E5DC1, 14F3EEFC92FCCB4069E1B748, 2AC671CC75AC7FFF200F38BF, C271D10799D9289B474E9104, 533637F80C37032C4DEEF8AA, 1679BFC7DB6D3D571DD0E219, 70CDA815980C292B3A10F0E5, D130E9DC02516B864E9AD550, 9A8887A449E9809E9413C5DB, 9859193C167FC8166B4FBE45, 1992185C43083DEDE6C4CAEC, A31E4E2C9E97FD96E7118FC4, 213436FB8FAB7DCDF1C42EBB, 9D741A9E01C5624A0D5294CF, 4A5663F1A416E1A760B2E321, CFA255DEC54422A65FCAD66F, 7D06CD33EFCFD4770054814F, EFA8AC44E99209A3017C5317, A9F4146E2419F7BBA9BA9CE0, C382634394AEBAEAFA9A4399, 27C22D2C018187E881CDF3C8, 8C1037F28501C86EF8B7CB8F, F3642304145D1D7344EA78E1, 6211F7B0AB7C6A4776B9BD65, EE7C2FDAA265FB3B4890079F, 589E0C605DE18D15889599BD, 70600E5BF6D92C38CBD417AA, 6B0050CA4C5D0F304E7EBFFF, F8610797D9E65CA73A9DB214, 2D548E626A9111EAF11B1229, 952943EB52B3744F2EAC6ADE, EA0975107AAF4B604BAE2F7F, 24CB09F71E485A39D84E26F0, F8F1E92C875E6F66EBE345A4, BCB8AAC025F24331DBA0F1D4, 21602FDCE2B0C2439AFF0728, B9740F4C43B7167B680D09E5, 965DBF264155F92CA1F6716F, E154E6DD126676F832D9218E, 62ECF568B553F97688322423, 0C950FF12E6C6B4E7563130A, 1D2FDC009AC721FA689446FD, BB826A2A4D700322A74C0294, 929CAD69C4B8971D38D205C9, ACD6E7AFEB6E066A3F2635C2, 8962F6B25812EB4CFFA55087, 90831D0ABBC32FD15B3A8A51, CC6DA824DB5861307FD3BBA0, 74A58783297450376C57BA15, E6EE9BF261840A005499F180, 793687ADA829D7530D4A894D, 0C6DDD5CBAD41851554232C0, C76C8CC6C5F20AE3F396D555, 971F129C39900CE6C9235271, AE7CA1B5905AD786257E6DFB, 0FD6B33B864638234A5800DB, BC47EC309A249D0CBF792DC4, BC5F1A57AD839BB5D6449F6A, 8BF729FFE074CAEE622C0292, 5B4818F81C7256E686BA2E05, 79B825BB1E19AD6F861B17A3, 0A3E27B8CA818264D75C8D81,); sourceTree = "<group>";};
73EBF6644258C120893E685D = {isa = XCBuildConfiguration; baseConfigurationReference = 1D4D8B8A9B2539F7F8E11F94; buildSettings = {ARCHS = "arm64"; MACOSX_DEPLOYMENT_TARGET = "15.0"; SDKROOT = "macosx"; SWIFT_VERSION = "6.0"; CLANG_ENABLE_MODULES = "YES"; SWIFT_STRICT_CONCURRENCY = "complete"; SWIFT_OPTIMIZATION_LEVEL = "-Onone"; DEBUG_INFORMATION_FORMAT = "dwarf"; ENABLE_TESTABILITY = "YES"; SWIFT_ACTIVE_COMPILATION_CONDITIONS = "DEBUG"; CODE_SIGN_IDENTITY = "$(LORE_CODE_SIGN_IDENTITY)"; CODE_SIGN_STYLE = "Manual"; DEVELOPMENT_TEAM = "$(LORE_DEVELOPMENT_TEAM)"; OTHER_CODE_SIGN_FLAGS = "--timestamp=none"; CODE_SIGN_INJECT_BASE_ENTITLEMENTS = "YES";}; name = Debug;};
0B0C687DF8B6B8DC790B519C = {isa = XCBuildConfiguration; baseConfigurationReference = 1D4D8B8A9B2539F7F8E11F94; buildSettings = {ARCHS = "arm64"; MACOSX_DEPLOYMENT_TARGET = "15.0"; SDKROOT = "macosx"; SWIFT_VERSION = "6.0"; CLANG_ENABLE_MODULES = "YES"; SWIFT_STRICT_CONCURRENCY = "complete"; SWIFT_OPTIMIZATION_LEVEL = "-O"; DEBUG_INFORMATION_FORMAT = "dwarf-with-dsym"; ENABLE_TESTABILITY = "NO"; SWIFT_ACTIVE_COMPILATION_CONDITIONS = ""; CODE_SIGN_IDENTITY = "$(LORE_CODE_SIGN_IDENTITY)"; CODE_SIGN_STYLE = "Manual"; DEVELOPMENT_TEAM = "$(LORE_DEVELOPMENT_TEAM)"; OTHER_CODE_SIGN_FLAGS = "--timestamp=none"; CODE_SIGN_INJECT_BASE_ENTITLEMENTS = "NO";}; name = Release;};
4AA05EC3301949773ED0AC0A = {isa = XCConfigurationList; buildConfigurations = (73EBF6644258C120893E685D, 0B0C687DF8B6B8DC790B519C,); defaultConfigurationIsVisible = 0; defaultConfigurationName = Release;};
B00CCDD09424E369308D67FA = {isa = XCBuildConfiguration; baseConfigurationReference = 1D4D8B8A9B2539F7F8E11F94; buildSettings = {ARCHS = "arm64"; MACOSX_DEPLOYMENT_TARGET = "15.0"; SDKROOT = "macosx"; SWIFT_VERSION = "6.0"; CLANG_ENABLE_MODULES = "YES"; SWIFT_STRICT_CONCURRENCY = "complete"; SWIFT_OPTIMIZATION_LEVEL = "-Onone"; DEBUG_INFORMATION_FORMAT = "dwarf"; ENABLE_TESTABILITY = "YES"; SWIFT_ACTIVE_COMPILATION_CONDITIONS = "DEBUG"; PRODUCT_BUNDLE_IDENTIFIER = "app.lore.mac"; PRODUCT_NAME = "$(TARGET_NAME)"; GENERATE_INFOPLIST_FILE = "YES"; ASSETCATALOG_COMPILER_APPICON_NAME = "AppIcon"; INFOPLIST_KEY_CFBundleDisplayName = "Lore"; INFOPLIST_KEY_LSApplicationCategoryType = "public.app-category.developer-tools"; INFOPLIST_KEY_LSUIElement = "YES"; MARKETING_VERSION = "0.1.2"; CURRENT_PROJECT_VERSION = "3"; SKIP_INSTALL = "NO"; CODE_SIGN_IDENTITY = "$(LORE_CODE_SIGN_IDENTITY)"; CODE_SIGN_STYLE = "Manual"; ENABLE_APP_SANDBOX = "NO"; ENABLE_HARDENED_RUNTIME = "YES"; LD_RUNPATH_SEARCH_PATHS = "$(inherited) @executable_path/../Frameworks"; DEVELOPMENT_TEAM = "$(LORE_DEVELOPMENT_TEAM)"; OTHER_CODE_SIGN_FLAGS = "--timestamp=none"; CODE_SIGN_INJECT_BASE_ENTITLEMENTS = "YES";}; name = Debug;};
1B104479E55E37CF8A63CBDF = {isa = XCBuildConfiguration; baseConfigurationReference = 1D4D8B8A9B2539F7F8E11F94; buildSettings = {ARCHS = "arm64"; MACOSX_DEPLOYMENT_TARGET = "15.0"; SDKROOT = "macosx"; SWIFT_VERSION = "6.0"; CLANG_ENABLE_MODULES = "YES"; SWIFT_STRICT_CONCURRENCY = "complete"; SWIFT_OPTIMIZATION_LEVEL = "-O"; DEBUG_INFORMATION_FORMAT = "dwarf-with-dsym"; ENABLE_TESTABILITY = "NO"; SWIFT_ACTIVE_COMPILATION_CONDITIONS = ""; PRODUCT_BUNDLE_IDENTIFIER = "app.lore.mac"; PRODUCT_NAME = "$(TARGET_NAME)"; GENERATE_INFOPLIST_FILE = "YES"; ASSETCATALOG_COMPILER_APPICON_NAME = "AppIcon"; INFOPLIST_KEY_CFBundleDisplayName = "Lore"; INFOPLIST_KEY_LSApplicationCategoryType = "public.app-category.developer-tools"; INFOPLIST_KEY_LSUIElement = "YES"; MARKETING_VERSION = "0.1.2"; CURRENT_PROJECT_VERSION = "3"; SKIP_INSTALL = "NO"; CODE_SIGN_IDENTITY = "$(LORE_CODE_SIGN_IDENTITY)"; CODE_SIGN_STYLE = "Manual"; ENABLE_APP_SANDBOX = "NO"; ENABLE_HARDENED_RUNTIME = "YES"; LD_RUNPATH_SEARCH_PATHS = "$(inherited) @executable_path/../Frameworks"; DEVELOPMENT_TEAM = "$(LORE_DEVELOPMENT_TEAM)"; OTHER_CODE_SIGN_FLAGS = "--timestamp=none"; CODE_SIGN_INJECT_BASE_ENTITLEMENTS = "NO";}; name = Release;};
671B466153DB183FE9E409BE = {isa = XCConfigurationList; buildConfigurations = (B00CCDD09424E369308D67FA, 1B104479E55E37CF8A63CBDF,); defaultConfigurationIsVisible = 0; defaultConfigurationName = Release;};
DD3F495F7D6A5AA1C1769021 = {isa = XCBuildConfiguration; baseConfigurationReference = 1D4D8B8A9B2539F7F8E11F94; buildSettings = {ARCHS = "arm64"; MACOSX_DEPLOYMENT_TARGET = "15.0"; SDKROOT = "macosx"; SWIFT_VERSION = "6.0"; CLANG_ENABLE_MODULES = "YES"; SWIFT_STRICT_CONCURRENCY = "complete"; SWIFT_OPTIMIZATION_LEVEL = "-Onone"; DEBUG_INFORMATION_FORMAT = "dwarf"; ENABLE_TESTABILITY = "YES"; SWIFT_ACTIVE_COMPILATION_CONDITIONS = "DEBUG"; PRODUCT_BUNDLE_IDENTIFIER = "app.lore.mac.tests"; PRODUCT_NAME = "$(TARGET_NAME)"; GENERATE_INFOPLIST_FILE = "YES"; CODE_SIGN_IDENTITY = "$(LORE_CODE_SIGN_IDENTITY)"; CODE_SIGN_STYLE = "Manual"; TEST_HOST = "$(BUILT_PRODUCTS_DIR)/Lore.app/Contents/MacOS/Lore"; BUNDLE_LOADER = "$(TEST_HOST)"; DEVELOPMENT_TEAM = "$(LORE_DEVELOPMENT_TEAM)"; OTHER_CODE_SIGN_FLAGS = "--timestamp=none"; CODE_SIGN_INJECT_BASE_ENTITLEMENTS = "YES";}; name = Debug;};
E670BC2FFE794172EBC92AE3 = {isa = XCBuildConfiguration; baseConfigurationReference = 1D4D8B8A9B2539F7F8E11F94; buildSettings = {ARCHS = "arm64"; MACOSX_DEPLOYMENT_TARGET = "15.0"; SDKROOT = "macosx"; SWIFT_VERSION = "6.0"; CLANG_ENABLE_MODULES = "YES"; SWIFT_STRICT_CONCURRENCY = "complete"; SWIFT_OPTIMIZATION_LEVEL = "-O"; DEBUG_INFORMATION_FORMAT = "dwarf-with-dsym"; ENABLE_TESTABILITY = "NO"; SWIFT_ACTIVE_COMPILATION_CONDITIONS = ""; PRODUCT_BUNDLE_IDENTIFIER = "app.lore.mac.tests"; PRODUCT_NAME = "$(TARGET_NAME)"; GENERATE_INFOPLIST_FILE = "YES"; CODE_SIGN_IDENTITY = "$(LORE_CODE_SIGN_IDENTITY)"; CODE_SIGN_STYLE = "Manual"; TEST_HOST = "$(BUILT_PRODUCTS_DIR)/Lore.app/Contents/MacOS/Lore"; BUNDLE_LOADER = "$(TEST_HOST)"; DEVELOPMENT_TEAM = "$(LORE_DEVELOPMENT_TEAM)"; OTHER_CODE_SIGN_FLAGS = "--timestamp=none"; CODE_SIGN_INJECT_BASE_ENTITLEMENTS = "NO";}; name = Release;};
EC086E470C1C75430B442AB0 = {isa = XCConfigurationList; buildConfigurations = (DD3F495F7D6A5AA1C1769021, E670BC2FFE794172EBC92AE3,); defaultConfigurationIsVisible = 0; defaultConfigurationName = Release;};
BDFD4597519099F6A0970D19 = {isa = XCBuildConfiguration; baseConfigurationReference = 1D4D8B8A9B2539F7F8E11F94; buildSettings = {ARCHS = "arm64"; MACOSX_DEPLOYMENT_TARGET = "15.0"; SDKROOT = "macosx"; SWIFT_VERSION = "6.0"; CLANG_ENABLE_MODULES = "YES"; SWIFT_STRICT_CONCURRENCY = "complete"; SWIFT_OPTIMIZATION_LEVEL = "-Onone"; DEBUG_INFORMATION_FORMAT = "dwarf"; ENABLE_TESTABILITY = "YES"; SWIFT_ACTIVE_COMPILATION_CONDITIONS = ""; PRODUCT_NAME = "LorePowerHelper"; SKIP_INSTALL = "YES"; PRODUCT_BUNDLE_IDENTIFIER = "app.lore.power-helper"; INFOPLIST_FILE = "Helper/Info.plist"; CREATE_INFOPLIST_SECTION_IN_BINARY = "YES"; ENABLE_HARDENED_RUNTIME = "YES"; OTHER_SWIFT_FLAGS = "-parse-as-library"; CODE_SIGN_IDENTITY = "$(LORE_CODE_SIGN_IDENTITY)"; CODE_SIGN_STYLE = "Manual"; DEVELOPMENT_TEAM = "$(LORE_DEVELOPMENT_TEAM)"; OTHER_CODE_SIGN_FLAGS = "--timestamp=none"; CODE_SIGN_INJECT_BASE_ENTITLEMENTS = "NO";}; name = Debug;};
10EFED72F8D773E3546A610A = {isa = XCBuildConfiguration; baseConfigurationReference = 1D4D8B8A9B2539F7F8E11F94; buildSettings = {ARCHS = "arm64"; MACOSX_DEPLOYMENT_TARGET = "15.0"; SDKROOT = "macosx"; SWIFT_VERSION = "6.0"; CLANG_ENABLE_MODULES = "YES"; SWIFT_STRICT_CONCURRENCY = "complete"; SWIFT_OPTIMIZATION_LEVEL = "-O"; DEBUG_INFORMATION_FORMAT = "dwarf-with-dsym"; ENABLE_TESTABILITY = "NO"; SWIFT_ACTIVE_COMPILATION_CONDITIONS = ""; PRODUCT_NAME = "LorePowerHelper"; SKIP_INSTALL = "YES"; PRODUCT_BUNDLE_IDENTIFIER = "app.lore.power-helper"; INFOPLIST_FILE = "Helper/Info.plist"; CREATE_INFOPLIST_SECTION_IN_BINARY = "YES"; ENABLE_HARDENED_RUNTIME = "YES"; OTHER_SWIFT_FLAGS = "-parse-as-library"; CODE_SIGN_IDENTITY = "$(LORE_CODE_SIGN_IDENTITY)"; CODE_SIGN_STYLE = "Manual"; DEVELOPMENT_TEAM = "$(LORE_DEVELOPMENT_TEAM)"; OTHER_CODE_SIGN_FLAGS = "--timestamp=none"; CODE_SIGN_INJECT_BASE_ENTITLEMENTS = "NO";}; name = Release;};
B7FF361BC726CA11197D364E = {isa = XCConfigurationList; buildConfigurations = (BDFD4597519099F6A0970D19, 10EFED72F8D773E3546A610A,); defaultConfigurationIsVisible = 0; defaultConfigurationName = Release;};
6C3564B1BB8FD63B8DE01BF0 = {isa = PBXNativeTarget; buildConfigurationList = B7FF361BC726CA11197D364E; buildPhases = (FA20226010D1FAE3FD864796,); buildRules = (); dependencies = (); name = LorePowerHelper; productName = LorePowerHelper; productReference = 2D8747EBB2272AA982742655; productType = "com.apple.product-type.tool";};
E6D4397E4F11BA67BDEF2A4A = {isa = PBXContainerItemProxy; containerPortal = 244210E48437B6556980A702; proxyType = 1; remoteGlobalIDString = 6C3564B1BB8FD63B8DE01BF0; remoteInfo = LorePowerHelper;};
7F5ECE40377968467A091904 = {isa = PBXTargetDependency; target = 6C3564B1BB8FD63B8DE01BF0; targetProxy = E6D4397E4F11BA67BDEF2A4A;};
AC44A5EE06496B21A17CA082 = {isa = PBXNativeTarget; buildConfigurationList = 671B466153DB183FE9E409BE; buildPhases = (D8AFF257B45D0C513672EC45, DC549ACCB7C726C62ECFD4E2, A110DF655A0F951BA2C4E7D7, D63B53D7FBD650A21698C508,); buildRules = (); dependencies = (7F5ECE40377968467A091904,); name = Lore; productName = Lore; productReference = 763D774377779C412BB71F6F; productType = "com.apple.product-type.application";};
1241936D4DD3AAD68FE7BFBD = {isa = PBXContainerItemProxy; containerPortal = 244210E48437B6556980A702; proxyType = 1; remoteGlobalIDString = AC44A5EE06496B21A17CA082; remoteInfo = Lore;};
B9E7EDFEA5781C84549BB689 = {isa = PBXTargetDependency; target = AC44A5EE06496B21A17CA082; targetProxy = 1241936D4DD3AAD68FE7BFBD;};
3A0C9CEF9D8F3BC090274361 = {isa = PBXNativeTarget; buildConfigurationList = EC086E470C1C75430B442AB0; buildPhases = (B2298129A58493C45A5D7D9A, 3F6BC17F79ADBDD97FB52430,); buildRules = (); dependencies = (B9E7EDFEA5781C84549BB689,); name = LoreTests; productName = LoreTests; productReference = 00444E2C37DD529B70E931A2; productType = "com.apple.product-type.bundle.unit-test";};
244210E48437B6556980A702 = {isa = PBXProject; attributes = {BuildIndependentTargetsInParallel = YES; LastSwiftUpdateCheck = 2600; LastUpgradeCheck = 2600;}; buildConfigurationList = 4AA05EC3301949773ED0AC0A; compatibilityVersion = "Xcode 14.0"; developmentRegion = en; hasScannedForEncodings = 0; knownRegions = (en, Base); mainGroup = 0D6E4079E36703EBD37C0072; productRefGroup = 0A3E27B8CA818264D75C8D81; projectDirPath = ""; projectRoot = ""; targets = (AC44A5EE06496B21A17CA082, 3A0C9CEF9D8F3BC090274361, 6C3564B1BB8FD63B8DE01BF0,);};
}; rootObject = 244210E48437B6556980A702;}
